// !$*UTF8*$!
{
	archiveVersion = 1;
	classes = {
	};
	objectVersion = 56;
	objects = {

/* Begin PBXBuildFile section */
		B84120292CCA43CE00AA5E9B /* NotesApp.swift in Sources */ = {isa = PBXBuildFile; fileRef = B84120282CCA43CE00AA5E9B /* NotesApp.swift */; };
		B841202B2CCA43CE00AA5E9B /* ContentView.swift in Sources */ = {isa = PBXBuildFile; fileRef = B841202A2CCA43CE00AA5E9B /* ContentView.swift */; };
		B841202D2CCA43D100AA5E9B /* Assets.xcassets in Resources */ = {isa = PBXBuildFile; fileRef = B841202C2CCA43D100AA5E9B /* Assets.xcassets */; };
		B84120302CCA43D100AA5E9B /* Preview Assets.xcassets in Resources */ = {isa = PBXBuildFile; fileRef = B841202F2CCA43D100AA5E9B /* Preview Assets.xcassets */; };
		B841203B2CCA43D100AA5E9B /* NotesTests.swift in Sources */ = {isa = PBXBuildFile; fileRef = B841203A2CCA43D100AA5E9B /* NotesTests.swift */; };
		B84120452CCA43D100AA5E9B /* NotesUITests.swift in Sources */ = {isa = PBXBuildFile; fileRef = B84120442CCA43D100AA5E9B /* NotesUITests.swift */; };
		B84120472CCA43D100AA5E9B /* NotesUITestsLaunchTests.swift in Sources */ = {isa = PBXBuildFile; fileRef = B84120462CCA43D100AA5E9B /* NotesUITestsLaunchTests.swift */; };
		B84120542CCA44BA00AA5E9B /* Notes.swift in Sources */ = {isa = PBXBuildFile; fileRef = B84120532CCA44BA00AA5E9B /* Notes.swift */; };
		B84120562CCA451400AA5E9B /* NoteViewModel.swift in Sources */ = {isa = PBXBuildFile; fileRef = B84120552CCA451400AA5E9B /* NoteViewModel.swift */; };
		B84120582CCA453E00AA5E9B /* NoteDetailView.swift in Sources */ = {isa = PBXBuildFile; fileRef = B84120572CCA453E00AA5E9B /* NoteDetailView.swift */; };
/* End PBXBuildFile section */

/* Begin PBXContainerItemProxy section */
		B84120372CCA43D100AA5E9B /* PBXContainerItemProxy */ = {
			isa = PBXContainerItemProxy;
			containerPortal = B841201D2CCA43CE00AA5E9B /* Project object */;
			proxyType = 1;
			remoteGlobalIDString = B84120242CCA43CE00AA5E9B;
			remoteInfo = Notes;
		};
		B84120412CCA43D100AA5E9B /* PBXContainerItemProxy */ = {
			isa = PBXContainerItemProxy;
			containerPortal = B841201D2CCA43CE00AA5E9B /* Project object */;
			proxyType = 1;
			remoteGlobalIDString = B84120242CCA43CE00AA5E9B;
			remoteInfo = Notes;
		};
/* End PBXContainerItemProxy section */

/* Begin PBXFileReference section */
		B84120252CCA43CE00AA5E9B /* Notes.app */ = {isa = PBXFileReference; explicitFileType = wrapper.application; includeInIndex = 0; path = Notes.app; sourceTree = BUILT_PRODUCTS_DIR; };
		B84120282CCA43CE00AA5E9B /* NotesApp.swift */ = {isa = PBXFileReference; lastKnownFileType = sourcecode.swift; path = NotesApp.swift; sourceTree = "<group>"; };
		B841202A2CCA43CE00AA5E9B /* ContentView.swift */ = {isa = PBXFileReference; lastKnownFileType = sourcecode.swift; path = ContentView.swift; sourceTree = "<group>"; };
		B841202C2CCA43D100AA5E9B /* Assets.xcassets */ = {isa = PBXFileReference; lastKnownFileType = folder.assetcatalog; path = Assets.xcassets; sourceTree = "<group>"; };
		B841202F2CCA43D100AA5E9B /* Preview Assets.xcassets */ = {isa = PBXFileReference; lastKnownFileType = folder.assetcatalog; path = "Preview Assets.xcassets"; sourceTree = "<group>"; };
		B84120312CCA43D100AA5E9B /* Notes.entitlements */ = {isa = PBXFileReference; lastKnownFileType = text.plist.entitlements; path = Notes.entitlements; sourceTree = "<group>"; };
		B84120362CCA43D100AA5E9B /* NotesTests.xctest */ = {isa = PBXFileReference; explicitFileType = wrapper.cfbundle; includeInIndex = 0; path = NotesTests.xctest; sourceTree = BUILT_PRODUCTS_DIR; };
		B841203A2CCA43D100AA5E9B /* NotesTests.swift */ = {isa = PBXFileReference; lastKnownFileType = sourcecode.swift; path = NotesTests.swift; sourceTree = "<group>"; };
		B84120402CCA43D100AA5E9B /* NotesUITests.xctest */ = {isa = PBXFileReference; explicitFileType = wrapper.cfbundle; includeInIndex = 0; path = NotesUITests.xctest; sourceTree = BUILT_PRODUCTS_DIR; };
		B84120442CCA43D100AA5E9B /* NotesUITests.swift */ = {isa = PBXFileReference; lastKnownFileType = sourcecode.swift; path = NotesUITests.swift; sourceTree = "<group>"; };
		B84120462CCA43D100AA5E9B /* NotesUITestsLaunchTests.swift */ = {isa = PBXFileReference; lastKnownFileType = sourcecode.swift; path = NotesUITestsLaunchTests.swift; sourceTree = "<group>"; };
		B84120532CCA44BA00AA5E9B /* Notes.swift */ = {isa = PBXFileReference; lastKnownFileType = sourcecode.swift; path = Notes.swift; sourceTree = "<group>"; };
		B84120552CCA451400AA5E9B /* NoteViewModel.swift */ = {isa = PBXFileReference; lastKnownFileType = sourcecode.swift; path = NoteViewModel.swift; sourceTree = "<group>"; };
		B84120572CCA453E00AA5E9B /* NoteDetailView.swift */ = {isa = PBXFileReference; lastKnownFileType = sourcecode.swift; path = NoteDetailView.swift; sourceTree = "<group>"; };
/* End PBXFileReference section */

/* Begin PBXFrameworksBuildPhase section */
		B84120222CCA43CE00AA5E9B /* Frameworks */ = {
			isa = PBXFrameworksBuildPhase;
			buildActionMask = 2147483647;
			files = (
			);
			runOnlyForDeploymentPostprocessing = 0;
		};
		B84120332CCA43D100AA5E9B /* Frameworks */ = {
			isa = PBXFrameworksBuildPhase;
			buildActionMask = 2147483647;
			files = (
			);
			runOnlyForDeploymentPostprocessing = 0;
		};
		B841203D2CCA43D100AA5E9B /* Frameworks */ = {
			isa = PBXFrameworksBuildPhase;
			buildActionMask = 2147483647;
			files = (
			);
			runOnlyForDeploymentPostprocessing = 0;
		};
/* End PBXFrameworksBuildPhase section */

/* Begin PBXGroup section */
		B841201C2CCA43CE00AA5E9B = {
			isa = PBXGroup;
			children = (
				B84120272CCA43CE00AA5E9B /* Notes */,
				B84120392CCA43D100AA5E9B /* NotesTests */,
				B84120432CCA43D100AA5E9B /* NotesUITests */,
				B84120262CCA43CE00AA5E9B /* Products */,
			);
			sourceTree = "<group>";
		};
		B84120262CCA43CE00AA5E9B /* Products */ = {
			isa = PBXGroup;
			children = (
				B84120252CCA43CE00AA5E9B /* Notes.app */,
				B84120362CCA43D100AA5E9B /* NotesTests.xctest */,
				B84120402CCA43D100AA5E9B /* NotesUITests.xctest */,
			);
			name = Products;
			sourceTree = "<group>";
		};
		B84120272CCA43CE00AA5E9B /* Notes */ = {
			isa = PBXGroup;
			children = (
				B84120282CCA43CE00AA5E9B /* NotesApp.swift */,
				B84120552CCA451400AA5E9B /* NoteViewModel.swift */,
				B84120572CCA453E00AA5E9B /* NoteDetailView.swift */,
				B841202A2CCA43CE00AA5E9B /* ContentView.swift */,
				B841202C2CCA43D100AA5E9B /* Assets.xcassets */,
				B84120312CCA43D100AA5E9B /* Notes.entitlements */,
				B841202E2CCA43D100AA5E9B /* Preview Content */,
				B84120532CCA44BA00AA5E9B /* Notes.swift */,
			);
			path = Notes;
			sourceTree = "<group>";
		};
		B841202E2CCA43D100AA5E9B /* Preview Content */ = {
			isa = PBXGroup;
			children = (
				B841202F2CCA43D100AA5E9B /* Preview Assets.xcassets */,
			);
			path = "Preview Content";
			sourceTree = "<group>";
		};
		B84120392CCA43D100AA5E9B /* NotesTests */ = {
			isa = PBXGroup;
			children = (
				B841203A2CCA43D100AA5E9B /* NotesTests.swift */,
			);
			path = NotesTests;
			sourceTree = "<group>";
		};
		B84120432CCA43D100AA5E9B /* NotesUITests */ = {
			isa = PBXGroup;
			children = (
				B84120442CCA43D100AA5E9B /* NotesUITests.swift */,
				B84120462CCA43D100AA5E9B /* NotesUITestsLaunchTests.swift */,
			);
			path = NotesUITests;
			sourceTree = "<group>";
		};
/* End PBXGroup section */

/* Begin PBXNativeTarget section */
		B84120242CCA43CE00AA5E9B /* Notes */ = {
			isa = PBXNativeTarget;
			buildConfigurationList = B841204A2CCA43D100AA5E9B /* Build configuration list for PBXNativeTarget "Notes" */;
			buildPhases = (
				B84120212CCA43CE00AA5E9B /* Sources */,
				B84120222CCA43CE00AA5E9B /* Frameworks */,
				B84120232CCA43CE00AA5E9B /* Resources */,
			);
			buildRules = (
			);
			dependencies = (
			);
			name = Notes;
			productName = Notes;
			productReference = B84120252CCA43CE00AA5E9B /* Notes.app */;
			productType = "com.apple.product-type.application";
		};
		B84120352CCA43D100AA5E9B /* NotesTests */ = {
			isa = PBXNativeTarget;
			buildConfigurationList = B841204D2CCA43D100AA5E9B /* Build configuration list for PBXNativeTarget "NotesTests" */;
			buildPhases = (
				B84120322CCA43D100AA5E9B /* Sources */,
				B84120332CCA43D100AA5E9B /* Frameworks */,
				B84120342CCA43D100AA5E9B /* Resources */,
			);
			buildRules = (
			);
			dependencies = (
				B84120382CCA43D100AA5E9B /* PBXTargetDependency */,
			);
			name = NotesTests;
			productName = NotesTests;
			productReference = B84120362CCA43D100AA5E9B /* NotesTests.xctest */;
			productType = "com.apple.product-type.bundle.unit-test";
		};
		B841203F2CCA43D100AA5E9B /* NotesUITests */ = {
			isa = PBXNativeTarget;
			buildConfigurationList = B84120502CCA43D100AA5E9B /* Build configuration list for PBXNativeTarget "NotesUITests" */;
			buildPhases = (
				B841203C2CCA43D100AA5E9B /* Sources */,
				B841203D2CCA43D100AA5E9B /* Frameworks */,
				B841203E2CCA43D100AA5E9B /* Resources */,
			);
			buildRules = (
			);
			dependencies = (
				B84120422CCA43D100AA5E9B /* PBXTargetDependency */,
			);
			name = NotesUITests;
			productName = NotesUITests;
			productReference = B84120402CCA43D100AA5E9B /* NotesUITests.xctest */;
			productType = "com.apple.product-type.bundle.ui-testing";
		};
/* End PBXNativeTarget section */

/* Begin PBXProject section */
		B841201D2CCA43CE00AA5E9B /* Project object */ = {
			isa = PBXProject;
			attributes = {
				BuildIndependentTargetsInParallel = 1;
				LastSwiftUpdateCheck = 1540;
				LastUpgradeCheck = 1540;
				TargetAttributes = {
					B84120242CCA43CE00AA5E9B = {
						CreatedOnToolsVersion = 15.4;
					};
					B84120352CCA43D100AA5E9B = {
						CreatedOnToolsVersion = 15.4;
						TestTargetID = B84120242CCA43CE00AA5E9B;
					};
					B841203F2CCA43D100AA5E9B = {
						CreatedOnToolsVersion = 15.4;
						TestTargetID = B84120242CCA43CE00AA5E9B;
					};
				};
			};
			buildConfigurationList = B84120202CCA43CE00AA5E9B /* Build configuration list for PBXProject "Notes" */;
			compatibilityVersion = "Xcode 14.0";
			developmentRegion = en;
			hasScannedForEncodings = 0;
			knownRegions = (
				en,
				Base,
			);
			mainGroup = B841201C2CCA43CE00AA5E9B;
			productRefGroup = B84120262CCA43CE00AA5E9B /* Products */;
			projectDirPath = "";
			projectRoot = "";
			targets = (
				B84120242CCA43CE00AA5E9B /* Notes */,
				B84120352CCA43D100AA5E9B /* NotesTests */,
				B841203F2CCA43D100AA5E9B /* NotesUITests */,
			);
		};
/* End PBXProject section */

/* Begin PBXResourcesBuildPhase section */
		B84120232CCA43CE00AA5E9B /* Resources */ = {
			isa = PBXResourcesBuildPhase;
			buildActionMask = 2147483647;
			files = (
				B84120302CCA43D100AA5E9B /* Preview Assets.xcassets in Resources */,
				B841202D2CCA43D100AA5E9B /* Assets.xcassets in Resources */,
			);
			runOnlyForDeploymentPostprocessing = 0;
		};
		B84120342CCA43D100AA5E9B /* Resources */ = {
			isa = PBXResourcesBuildPhase;
			buildActionMask = 2147483647;
			files = (
			);
			runOnlyForDeploymentPostprocessing = 0;
		};
		B841203E2CCA43D100AA5E9B /* Resources */ = {
			isa = PBXResourcesBuildPhase;
			buildActionMask = 2147483647;
			files = (
			);
			runOnlyForDeploymentPostprocessing = 0;
		};
/* End PBXResourcesBuildPhase section */

/* Begin PBXSourcesBuildPhase section */
		B84120212CCA43CE00AA5E9B /* Sources */ = {
			isa = PBXSourcesBuildPhase;
			buildActionMask = 2147483647;
			files = (
				B84120562CCA451400AA5E9B /* NoteViewModel.swift in Sources */,
				B841202B2CCA43CE00AA5E9B /* ContentView.swift in Sources */,
				B84120292CCA43CE00AA5E9B /* NotesApp.swift in Sources */,
				B84120542CCA44BA00AA5E9B /* Notes.swift in Sources */,
				B84120582CCA453E00AA5E9B /* NoteDetailView.swift in Sources */,
			);
			runOnlyForDeploymentPostprocessing = 0;
		};
		B84120322CCA43D100AA5E9B /* Sources */ = {
			isa = PBXSourcesBuildPhase;
			buildActionMask = 2147483647;
			files = (
				B841203B2CCA43D100AA5E9B /* NotesTests.swift in Sources */,
			);
			runOnlyForDeploymentPostprocessing = 0;
		};
		B841203C2CCA43D100AA5E9B /* Sources */ = {
			isa = PBXSourcesBuildPhase;
			buildActionMask = 2147483647;
			files = (
				B84120472CCA43D100AA5E9B /* NotesUITestsLaunchTests.swift in Sources */,
				B84120452CCA43D100AA5E9B /* NotesUITests.swift in Sources */,
			);
			runOnlyForDeploymentPostprocessing = 0;
		};
/* End PBXSourcesBuildPhase section */

/* Begin PBXTargetDependency section */
		B84120382CCA43D100AA5E9B /* PBXTargetDependency */ = {
			isa = PBXTargetDependency;
			target = B84120242CCA43CE00AA5E9B /* Notes */;
			targetProxy = B84120372CCA43D100AA5E9B /* PBXContainerItemProxy */;
		};
		B84120422CCA43D100AA5E9B /* PBXTargetDependency */ = {
			isa = PBXTargetDependency;
			target = B84120242CCA43CE00AA5E9B /* Notes */;
			targetProxy = B84120412CCA43D100AA5E9B /* PBXContainerItemProxy */;
		};
/* End PBXTargetDependency section */

/* Begin XCBuildConfiguration section */
		B84120482CCA43D100AA5E9B /* Debug */ = {
			isa = XCBuildConfiguration;
			buildSettings = {
				ALWAYS_SEARCH_USER_PATHS = NO;
				ASSETCATALOG_COMPILER_GENERATE_SWIFT_ASSET_SYMBOL_EXTENSIONS = YES;
				CLANG_ANALYZER_NONNULL = YES;
				CLANG_ANALYZER_NUMBER_OBJECT_CONVERSION = YES_AGGRESSIVE;
				CLANG_CXX_LANGUAGE_STANDARD = "gnu++20";
				CLANG_ENABLE_MODULES = YES;
				CLANG_ENABLE_OBJC_ARC = YES;
				CLANG_ENABLE_OBJC_WEAK = YES;
				CLANG_WARN_BLOCK_CAPTURE_AUTORELEASING = YES;
				CLANG_WARN_BOOL_CONVERSION = YES;
				CLANG_WARN_COMMA = YES;
				CLANG_WARN_CONSTANT_CONVERSION = YES;
				CLANG_WARN_DEPRECATED_OBJC_IMPLEMENTATIONS = YES;
				CLANG_WARN_DIRECT_OBJC_ISA_USAGE = YES_ERROR;
				CLANG_WARN_DOCUMENTATION_COMMENTS = YES;
				CLANG_WARN_EMPTY_BODY = YES;
				CLANG_WARN_ENUM_CONVERSION = YES;
				CLANG_WARN_INFINITE_RECURSION = YES;
				CLANG_WARN_INT_CONVERSION = YES;
				CLANG_WARN_NON_LITERAL_NULL_CONVERSION = YES;
				CLANG_WARN_OBJC_IMPLICIT_RETAIN_SELF = YES;
				CLANG_WARN_OBJC_LITERAL_CONVERSION = YES;
				CLANG_WARN_OBJC_ROOT_CLASS = YES_ERROR;
				CLANG_WARN_QUOTED_INCLUDE_IN_FRAMEWORK_HEADER = YES;
				CLANG_WARN_RANGE_LOOP_ANALYSIS = YES;
				CLANG_WARN_STRICT_PROTOTYPES = YES;
				CLANG_WARN_SUSPICIOUS_MOVE = YES;
				CLANG_WARN_UNGUARDED_AVAILABILITY = YES_AGGRESSIVE;
				CLANG_WARN_UNREACHABLE_CODE = YES;
				CLANG_WARN__DUPLICATE_METHOD_MATCH = YES;
				COPY_PHASE_STRIP = NO;
				DEBUG_INFORMATION_FORMAT = dwarf;
				ENABLE_STRICT_OBJC_MSGSEND = YES;
				ENABLE_TESTABILITY = YES;
				ENABLE_USER_SCRIPT_SANDBOXING = YES;
				GCC_C_LANGUAGE_STANDARD = gnu17;
				GCC_DYNAMIC_NO_PIC = NO;
				GCC_NO_COMMON_BLOCKS = YES;
				GCC_OPTIMIZATION_LEVEL = 0;
				GCC_PREPROCESSOR_DEFINITIONS = (
					"DEBUG=1",
					"$(inherited)",
				);
				GCC_WARN_64_TO_32_BIT_CONVERSION = YES;
				GCC_WARN_ABOUT_RETURN_TYPE = YES_ERROR;
				GCC_WARN_UNDECLARED_SELECTOR = YES;
				GCC_WARN_UNINITIALIZED_AUTOS = YES_AGGRESSIVE;
				GCC_WARN_UNUSED_FUNCTION = YES;
				GCC_WARN_UNUSED_VARIABLE = YES;
				LOCALIZATION_PREFERS_STRING_CATALOGS = YES;
				MACOSX_DEPLOYMENT_TARGET = 14.3;
				MTL_ENABLE_DEBUG_INFO = INCLUDE_SOURCE;
				MTL_FAST_MATH = YES;
				ONLY_ACTIVE_ARCH = YES;
				SDKROOT = macosx;
				SWIFT_ACTIVE_COMPILATION_CONDITIONS = "DEBUG $(inherited)";
				SWIFT_OPTIMIZATION_LEVEL = "-Onone";
			};
			name = Debug;
		};
		B84120492CCA43D100AA5E9B /* Release */ = {
			isa = XCBuildConfiguration;
			buildSettings = {
				ALWAYS_SEARCH_USER_PATHS = NO;
				ASSETCATALOG_COMPILER_GENERATE_SWIFT_ASSET_SYMBOL_EXTENSIONS = YES;
				CLANG_ANALYZER_NONNULL = YES;
				CLANG_ANALYZER_NUMBER_OBJECT_CONVERSION = YES_AGGRESSIVE;
				CLANG_CXX_LANGUAGE_STANDARD = "gnu++20";
				CLANG_ENABLE_MODULES = YES;
				CLANG_ENABLE_OBJC_ARC = YES;
				CLANG_ENABLE_OBJC_WEAK = YES;
				CLANG_WARN_BLOCK_CAPTURE_AUTORELEASING = YES;
				CLANG_WARN_BOOL_CONVERSION = YES;
				CLANG_WARN_COMMA = YES;
				CLANG_WARN_CONSTANT_CONVERSION = YES;
				CLANG_WARN_DEPRECATED_OBJC_IMPLEMENTATIONS = YES;
				CLANG_WARN_DIRECT_OBJC_ISA_USAGE = YES_ERROR;
				CLANG_WARN_DOCUMENTATION_COMMENTS = YES;
				CLANG_WARN_EMPTY_BODY = YES;
				CLANG_WARN_ENUM_CONVERSION = YES;
				CLANG_WARN_INFINITE_RECURSION = YES;
				CLANG_WARN_INT_CONVERSION = YES;
				CLANG_WARN_NON_LITERAL_NULL_CONVERSION = YES;
				CLANG_WARN_OBJC_IMPLICIT_RETAIN_SELF = YES;
				CLANG_WARN_OBJC_LITERAL_CONVERSION = YES;
				CLANG_WARN_OBJC_ROOT_CLASS = YES_ERROR;
				CLANG_WARN_QUOTED_INCLUDE_IN_FRAMEWORK_HEADER = YES;
				CLANG_WARN_RANGE_LOOP_ANALYSIS = YES;
				CLANG_WARN_STRICT_PROTOTYPES = YES;
				CLANG_WARN_SUSPICIOUS_MOVE = YES;
				CLANG_WARN_UNGUARDED_AVAILABILITY = YES_AGGRESSIVE;
				CLANG_WARN_UNREACHABLE_CODE = YES;
				CLANG_WARN__DUPLICATE_METHOD_MATCH = YES;
				COPY_PHASE_STRIP = NO;
				DEBUG_INFORMATION_FORMAT = "dwarf-with-dsym";
				ENABLE_NS_ASSERTIONS = NO;
				ENABLE_STRICT_OBJC_MSGSEND = YES;
				ENABLE_USER_SCRIPT_SANDBOXING = YES;
				GCC_C_LANGUAGE_STANDARD = gnu17;
				GCC_NO_COMMON_BLOCKS = YES;
				GCC_WARN_64_TO_32_BIT_CONVERSION = YES;
				GCC_WARN_ABOUT_RETURN_TYPE = YES_ERROR;
				GCC_WARN_UNDECLARED_SELECTOR = YES;
				GCC_WARN_UNINITIALIZED_AUTOS = YES_AGGRESSIVE;
				GCC_WARN_UNUSED_FUNCTION = YES;
				GCC_WARN_UNUSED_VARIABLE = YES;
				LOCALIZATION_PREFERS_STRING_CATALOGS = YES;
				MACOSX_DEPLOYMENT_TARGET = 14.3;
				MTL_ENABLE_DEBUG_INFO = NO;
				MTL_FAST_MATH = YES;
				SDKROOT = macosx;
				SWIFT_COMPILATION_MODE = wholemodule;
			};
			name = Release;
		};
		B841204B2CCA43D100AA5E9B /* Debug */ = {
			isa = XCBuildConfiguration;
			buildSettings = {
				ASSETCATALOG_COMPILER_APPICON_NAME = AppIcon;
				ASSETCATALOG_COMPILER_GLOBAL_ACCENT_COLOR_NAME = AccentColor;
				CODE_SIGN_ENTITLEMENTS = Notes/Notes.entitlements;
				CODE_SIGN_STYLE = Automatic;
				COMBINE_HIDPI_IMAGES = YES;
				CURRENT_PROJECT_VERSION = 1;
				DEVELOPMENT_ASSET_PATHS = "\"Notes/Preview Content\"";
				ENABLE_PREVIEWS = YES;
				GENERATE_INFOPLIST_FILE = YES;
				INFOPLIST_KEY_NSHumanReadableCopyright = "";
				LD_RUNPATH_SEARCH_PATHS = (
					"$(inherited)",
					"@executable_path/../Frameworks",
				);
				MARKETING_VERSION = 1.0;
				PRODUCT_BUNDLE_IDENTIFIER = Kanna.Notes;
				PRODUCT_NAME = "$(TARGET_NAME)";
				SWIFT_EMIT_LOC_STRINGS = YES;
				SWIFT_VERSION = 5.0;
			};
			name = Debug;
		};
		B841204C2CCA43D100AA5E9B /* Release */ = {
			isa = XCBuildConfiguration;
			buildSettings = {
				ASSETCATALOG_COMPILER_APPICON_NAME = AppIcon;
				ASSETCATALOG_COMPILER_GLOBAL_ACCENT_COLOR_NAME = AccentColor;
				CODE_SIGN_ENTITLEMENTS = Notes/Notes.entitlements;
				CODE_SIGN_STYLE = Automatic;
				COMBINE_HIDPI_IMAGES = YES;
				CURRENT_PROJECT_VERSION = 1;
				DEVELOPMENT_ASSET_PATHS = "\"Notes/Preview Content\"";
				ENABLE_PREVIEWS = YES;
				GENERATE_INFOPLIST_FILE = YES;
				INFOPLIST_KEY_NSHumanReadableCopyright = "";
				LD_RUNPATH_SEARCH_PATHS = (
					"$(inherited)",
					"@executable_path/../Frameworks",
				);
				MARKETING_VERSION = 1.0;
				PRODUCT_BUNDLE_IDENTIFIER = Kanna.Notes;
				PRODUCT_NAME = "$(TARGET_NAME)";
				SWIFT_EMIT_LOC_STRINGS = YES;
				SWIFT_VERSION = 5.0;
			};
			name = Release;
		};
		B841204E2CCA43D100AA5E9B /* Debug */ = {
			isa = XCBuildConfiguration;
			buildSettings = {
				ALWAYS_EMBED_SWIFT_STANDARD_LIBRARIES = YES;
				BUNDLE_LOADER = "$(TEST_HOST)";
				CODE_SIGN_STYLE = Automatic;
				CURRENT_PROJECT_VERSION = 1;
				GENERATE_INFOPLIST_FILE = YES;
				MACOSX_DEPLOYMENT_TARGET = 14.3;
				MARKETING_VERSION = 1.0;
				PRODUCT_BUNDLE_IDENTIFIER = Kanna.NotesTests;
				PRODUCT_NAME = "$(TARGET_NAME)";
				SWIFT_EMIT_LOC_STRINGS = NO;
				SWIFT_VERSION = 5.0;
				TEST_HOST = "$(BUILT_PRODUCTS_DIR)/Notes.app/$(BUNDLE_EXECUTABLE_FOLDER_PATH)/Notes";
			};
			name = Debug;
		};
		B841204F2CCA43D100AA5E9B /* Release */ = {
			isa = XCBuildConfiguration;
			buildSettings = {
				ALWAYS_EMBED_SWIFT_STANDARD_LIBRARIES = YES;
				BUNDLE_LOADER = "$(TEST_HOST)";
				CODE_SIGN_STYLE = Automatic;
				CURRENT_PROJECT_VERSION = 1;
				GENERATE_INFOPLIST_FILE = YES;
				MACOSX_DEPLOYMENT_TARGET = 14.3;
				MARKETING_VERSION = 1.0;
				PRODUCT_BUNDLE_IDENTIFIER = Kanna.NotesTests;
				PRODUCT_NAME = "$(TARGET_NAME)";
				SWIFT_EMIT_LOC_STRINGS = NO;
				SWIFT_VERSION = 5.0;
				TEST_HOST = "$(BUILT_PRODUCTS_DIR)/Notes.app/$(BUNDLE_EXECUTABLE_FOLDER_PATH)/Notes";
			};
			name = Release;
		};
		B84120512CCA43D100AA5E9B /* Debug */ = {
			isa = XCBuildConfiguration;
			buildSettings = {
				ALWAYS_EMBED_SWIFT_STANDARD_LIBRARIES = YES;
				CODE_SIGN_STYLE = Automatic;
				CURRENT_PROJECT_VERSION = 1;
				GENERATE_INFOPLIST_FILE = YES;
				MARKETING_VERSION = 1.0;
				PRODUCT_BUNDLE_IDENTIFIER = Kanna.NotesUITests;
				PRODUCT_NAME = "$(TARGET_NAME)";
				SWIFT_EMIT_LOC_STRINGS = NO;
				SWIFT_VERSION = 5.0;
				TEST_TARGET_NAME = Notes;
			};
			name = Debug;
		};
		B84120522CCA43D100AA5E9B /* Release */ = {
			isa = XCBuildConfiguration;
			buildSettings = {
				ALWAYS_EMBED_SWIFT_STANDARD_LIBRARIES = YES;
				CODE_SIGN_STYLE = Automatic;
				CURRENT_PROJECT_VERSION = 1;
				GENERATE_INFOPLIST_FILE = YES;
				MARKETING_VERSION = 1.0;
				PRODUCT_BUNDLE_IDENTIFIER = Kanna.NotesUITests;
				PRODUCT_NAME = "$(TARGET_NAME)";
				SWIFT_EMIT_LOC_STRINGS = NO;
				SWIFT_VERSION = 5.0;
				TEST_TARGET_NAME = Notes;
			};
			name = Release;
		};
/* End XCBuildConfiguration section */

/* Begin XCConfigurationList section */
		B84120202CCA43CE00AA5E9B /* Build configuration list for PBXProject "Notes" */ = {
			isa = XCConfigurationList;
			buildConfigurations = (
				B84120482CCA43D100AA5E9B /* Debug */,
				B84120492CCA43D100AA5E9B /* Release */,
			);
			defaultConfigurationIsVisible = 0;
			defaultConfigurationName = Release;
		};
		B841204A2CCA43D100AA5E9B /* Build configuration list for PBXNativeTarget "Notes" */ = {
			isa = XCConfigurationList;
			buildConfigurations = (
				B841204B2CCA43D100AA5E9B /* Debug */,
				B841204C2CCA43D100AA5E9B /* Release */,
			);
			defaultConfigurationIsVisible = 0;
			defaultConfigurationName = Release;
		};
		B841204D2CCA43D100AA5E9B /* Build configuration list for PBXNativeTarget "NotesTests" */ = {
			isa = XCConfigurationList;
			buildConfigurations = (
				B841204E2CCA43D100AA5E9B /* Debug */,
				B841204F2CCA43D100AA5E9B /* Release */,
			);
			defaultConfigurationIsVisible = 0;
			defaultConfigurationName = Release;
		};
		B84120502CCA43D100AA5E9B /* Build configuration list for PBXNativeTarget "NotesUITests" */ = {
			isa = XCConfigurationList;
			buildConfigurations = (
				B84120512CCA43D100AA5E9B /* Debug */,
				B84120522CCA43D100AA5E9B /* Release */,
			);
			defaultConfigurationIsVisible = 0;
			defaultConfigurationName = Release;
		};
/* End XCConfigurationList section */
	};
	rootObject = B841201D2CCA43CE00AA5E9B /* Project object */;
}
